
Microsoft Visual Studio Solution File, Format Version 12.00
# Visual Studio Version 16
VisualStudioVersion = 16.0.31410.357
MinimumVisualStudioVersion = 10.0.40219.1
Project("{FAE04EC0-301F-11D3-BF4B-00C04F79EFBC}") = "Basic Core Programs", "Basic Core Programs\Basic Core Programs.csproj", "{9B0AB756-C0B9-4021-BE1D-F0C917B1DE7B}"
EndProject
Global
	GlobalSection(SolutionConfigurationPlatforms) = preSolution
		Debug|Any CPU = Debug|Any CPU
		Release|Any CPU = Release|Any CPU
	EndGlobalSection
	GlobalSection(ProjectConfigurationPlatforms) = postSolution
		{9B0AB756-C0B9-4021-BE1D-F0C917B1DE7B}.Debug|Any CPU.ActiveCfg = Debug|Any CPU
		{9B0AB756-C0B9-4021-BE1D-F0C917B1DE7B}.Debug|Any CPU.Build.0 = Debug|Any CPU
		{9B0AB756-C0B9-4021-BE1D-F0C917B1DE7B}.Release|Any CPU.ActiveCfg = Release|Any CPU
		{9B0AB756-C0B9-4021-BE1D-F0C917B1DE7B}.Release|Any CPU.Build.0 = Release|Any CPU
	EndGlobalSection
	GlobalSection(SolutionProperties) = preSolution
		HideSolutionNode = FALSE
	EndGlobalSection
	GlobalSection(ExtensibilityGlobals) = postSolution
		SolutionGuid = {12C7CC2D-CC4E-4E40-964C-4F195C32E273}
	EndGlobalSection
EndGlobal
